
Microsoft Visual Studio Solution File, Format Version 12.00
# Visual Studio Version 16
VisualStudioVersion = 16.0.31410.357
MinimumVisualStudioVersion = 10.0.40219.1
Project("{FAE04EC0-301F-11D3-BF4B-00C04F79EFBC}") = "Collections", "Collections.csproj", "{4E6D1CC3-3497-4E69-969B-08FB8535DBC4}"
EndProject
Global
	GlobalSection(SolutionConfigurationPlatforms) = preSolution
		Debug|Any CPU = Debug|Any CPU
		Release|Any CPU = Release|Any CPU
	EndGlobalSection
	GlobalSection(ProjectConfigurationPlatforms) = postSolution
		{4E6D1CC3-3497-4E69-969B-08FB8535DBC4}.Debug|Any CPU.ActiveCfg = Debug|Any CPU
		{4E6D1CC3-3497-4E69-969B-08FB8535DBC4}.Debug|Any CPU.Build.0 = Debug|Any CPU
		{4E6D1CC3-3497-4E69-969B-08FB8535DBC4}.Release|Any CPU.ActiveCfg = Release|Any CPU
		{4E6D1CC3-3497-4E69-969B-08FB8535DBC4}.Release|Any CPU.Build.0 = Release|Any CPU
	EndGlobalSection
	GlobalSection(SolutionProperties) = preSolution
		HideSolutionNode = FALSE
	EndGlobalSection
	GlobalSection(ExtensibilityGlobals) = postSolution
		SolutionGuid = {DD13123D-2233-437E-BD47-BF75B020F696}
	EndGlobalSection
EndGlobal
